
Microsoft Visual Studio Solution File, Format Version 12.00
# Visual Studio 15
VisualStudioVersion = 15.0.28307.421
MinimumVisualStudioVersion = 10.0.40219.1
Project("{FAE04EC0-301F-11D3-BF4B-00C04F79EFBC}") = "ManagerSpending.Android", "ManagerSpending\ManagerSpending.Android\ManagerSpending.Android.csproj", "{33CAED4A-F3AA-4AF2-B59D-6B0CB47E0460}"
EndProject
Project("{FAE04EC0-301F-11D3-BF4B-00C04F79EFBC}") = "ManagerSpending.iOS", "ManagerSpending\ManagerSpending.iOS\ManagerSpending.iOS.csproj", "{37E4232A-2D3B-4FE4-AC50-A9D8EF42FDAA}"
EndProject
Project("{FAE04EC0-301F-11D3-BF4B-00C04F79EFBC}") = "ManagerSpending", "ManagerSpending\ManagerSpending\ManagerSpending.csproj", "{D99A21E9-E879-4EAF-B59B-5D29990ADE0F}"
EndProject
Global
	GlobalSection(SolutionConfigurationPlatforms) = preSolution
		Ad-Hoc|Any CPU = Ad-Hoc|Any CPU
		Ad-Hoc|iPhone = Ad-Hoc|iPhone
		Ad-Hoc|iPhoneSimulator = Ad-Hoc|iPhoneSimulator
		AppStore|Any CPU = AppStore|Any CPU
		AppStore|iPhone = AppStore|iPhone
		AppStore|iPhoneSimulator = AppStore|iPhoneSimulator
		Debug|Any CPU = Debug|Any CPU
		Debug|iPhone = Debug|iPhone
		Debug|iPhoneSimulator = Debug|iPhoneSimulator
		Release|Any CPU = Release|Any CPU
		Release|iPhone = Release|iPhone
		Release|iPhoneSimulator = Release|iPhoneSimulator
	EndGlobalSection
	GlobalSection(ProjectConfigurationPlatforms) = postSolution
		{33CAED4A-F3AA-4AF2-B59D-6B0CB47E0460}.Ad-Hoc|Any CPU.ActiveCfg = Release|Any CPU
		{33CAED4A-F3AA-4AF2-B59D-6B0CB47E0460}.Ad-Hoc|Any CPU.Build.0 = Release|Any CPU
		{33CAED4A-F3AA-4AF2-B59D-6B0CB47E0460}.Ad-Hoc|Any CPU.Deploy.0 = Release|Any CPU
		{33CAED4A-F3AA-4AF2-B59D-6B0CB47E0460}.Ad-Hoc|iPhone.ActiveCfg = Release|Any CPU
		{33CAED4A-F3AA-4AF2-B59D-6B0CB47E0460}.Ad-Hoc|iPhone.Build.0 = Release|Any CPU
		{33CAED4A-F3AA-4AF2-B59D-6B0CB47E0460}.Ad-Hoc|iPhone.Deploy.0 = Release|Any CPU
		{33CAED4A-F3AA-4AF2-B59D-6B0CB47E0460}.Ad-Hoc|iPhoneSimulator.ActiveCfg = Release|Any CPU
		{33CAED4A-F3AA-4AF2-B59D-6B0CB47E0460}.Ad-Hoc|iPhoneSimulator.Build.0 = Release|Any CPU
		{33CAED4A-F3AA-4AF2-B59D-6B0CB47E0460}.Ad-Hoc|iPhoneSimulator.Deploy.0 = Release|Any CPU
		{33CAED4A-F3AA-4AF2-B59D-6B0CB47E0460}.AppStore|Any CPU.ActiveCfg = Release|Any CPU
		{33CAED4A-F3AA-4AF2-B59D-6B0CB47E0460}.AppStore|Any CPU.Build.0 = Release|Any CPU
		{33CAED4A-F3AA-4AF2-B59D-6B0CB47E0460}.AppStore|Any CPU.Deploy.0 = Release|Any CPU
		{33CAED4A-F3AA-4AF2-B59D-6B0CB47E0460}.AppStore|iPhone.ActiveCfg = Release|Any CPU
		{33CAED4A-F3AA-4AF2-B59D-6B0CB47E0460}.AppStore|iPhone.Build.0 = Release|Any CPU
		{33CAED4A-F3AA-4AF2-B59D-6B0CB47E0460}.AppStore|iPhone.Deploy.0 = Release|Any CPU
		{33CAED4A-F3AA-4AF2-B59D-6B0CB47E0460}.AppStore|iPhoneSimulator.ActiveCfg = Release|Any CPU
		{33CAED4A-F3AA-4AF2-B59D-6B0CB47E0460}.AppStore|iPhoneSimulator.Build.0 = Release|Any CPU
		{33CAED4A-F3AA-4AF2-B59D-6B0CB47E0460}.AppStore|iPhoneSimulator.Deploy.0 = Release|Any CPU
		{33CAED4A-F3AA-4AF2-B59D-6B0CB47E0460}.Debug|Any CPU.ActiveCfg = Debug|Any CPU
		{33CAED4A-F3AA-4AF2-B59D-6B0CB47E0460}.Debug|Any CPU.Build.0 = Debug|Any CPU
		{33CAED4A-F3AA-4AF2-B59D-6B0CB47E0460}.Debug|Any CPU.Deploy.0 = Debug|Any CPU
		{33CAED4A-F3AA-4AF2-B59D-6B0CB47E0460}.Debug|iPhone.ActiveCfg = Debug|Any CPU
		{33CAED4A-F3AA-4AF2-B59D-6B0CB47E0460}.Debug|iPhone.Build.0 = Debug|Any CPU
		{33CAED4A-F3AA-4AF2-B59D-6B0CB47E0460}.Debug|iPhone.Deploy.0 = Debug|Any CPU
		{33CAED4A-F3AA-4AF2-B59D-6B0CB47E0460}.Debug|iPhoneSimulator.ActiveCfg = Debug|Any CPU
		{33CAED4A-F3AA-4AF2-B59D-6B0CB47E0460}.Debug|iPhoneSimulator.Build.0 = Debug|Any CPU
		{33CAED4A-F3AA-4AF2-B59D-6B0CB47E0460}.Debug|iPhoneSimulator.Deploy.0 = Debug|Any CPU
		{33CAED4A-F3AA-4AF2-B59D-6B0CB47E0460}.Release|Any CPU.ActiveCfg = Release|Any CPU
		{33CAED4A-F3AA-4AF2-B59D-6B0CB47E0460}.Release|Any CPU.Build.0 = Release|Any CPU
		{33CAED4A-F3AA-4AF2-B59D-6B0CB47E0460}.Release|Any CPU.Deploy.0 = Release|Any CPU
		{33CAED4A-F3AA-4AF2-B59D-6B0CB47E0460}.Release|iPhone.ActiveCfg = Release|Any CPU
		{33CAED4A-F3AA-4AF2-B59D-6B0CB47E0460}.Release|iPhone.Build.0 = Release|Any CPU
		{33CAED4A-F3AA-4AF2-B59D-6B0CB47E0460}.Release|iPhone.Deploy.0 = Release|Any CPU
		{33CAED4A-F3AA-4AF2-B59D-6B0CB47E0460}.Release|iPhoneSimulator.ActiveCfg = Release|Any CPU
		{33CAED4A-F3AA-4AF2-B59D-6B0CB47E0460}.Release|iPhoneSimulator.Build.0 = Release|Any CPU
		{33CAED4A-F3AA-4AF2-B59D-6B0CB47E0460}.Release|iPhoneSimulator.Deploy.0 = Release|Any CPU
		{37E4232A-2D3B-4FE4-AC50-A9D8EF42FDAA}.Ad-Hoc|Any CPU.ActiveCfg = Ad-Hoc|iPhone
		{37E4232A-2D3B-4FE4-AC50-A9D8EF42FDAA}.Ad-Hoc|Any CPU.Build.0 = Ad-Hoc|iPhone
		{37E4232A-2D3B-4FE4-AC50-A9D8EF42FDAA}.Ad-Hoc|Any CPU.Deploy.0 = Ad-Hoc|iPhone
		{37E4232A-2D3B-4FE4-AC50-A9D8EF42FDAA}.Ad-Hoc|iPhone.ActiveCfg = Ad-Hoc|iPhone
		{37E4232A-2D3B-4FE4-AC50-A9D8EF42FDAA}.Ad-Hoc|iPhone.Build.0 = Ad-Hoc|iPhone
		{37E4232A-2D3B-4FE4-AC50-A9D8EF42FDAA}.Ad-Hoc|iPhone.Deploy.0 = Ad-Hoc|iPhone
		{37E4232A-2D3B-4FE4-AC50-A9D8EF42FDAA}.Ad-Hoc|iPhoneSimulator.ActiveCfg = Ad-Hoc|iPhoneSimulator
		{37E4232A-2D3B-4FE4-AC50-A9D8EF42FDAA}.Ad-Hoc|iPhoneSimulator.Build.0 = Ad-Hoc|iPhoneSimulator
		{37E4232A-2D3B-4FE4-AC50-A9D8EF42FDAA}.Ad-Hoc|iPhoneSimulator.Deploy.0 = Ad-Hoc|iPhoneSimulator
		{37E4232A-2D3B-4FE4-AC50-A9D8EF42FDAA}.AppStore|Any CPU.ActiveCfg = AppStore|iPhone
		{37E4232A-2D3B-4FE4-AC50-A9D8EF42FDAA}.AppStore|Any CPU.Build.0 = AppStore|iPhone
		{37E4232A-2D3B-4FE4-AC50-A9D8EF42FDAA}.AppStore|Any CPU.Deploy.0 = AppStore|iPhone
		{37E4232A-2D3B-4FE4-AC50-A9D8EF42FDAA}.AppStore|iPhone.ActiveCfg = AppStore|iPhone
		{37E4232A-2D3B-4FE4-AC50-A9D8EF42FDAA}.AppStore|iPhone.Build.0 = AppStore|iPhone
		{37E4232A-2D3B-4FE4-AC50-A9D8EF42FDAA}.AppStore|iPhone.Deploy.0 = AppStore|iPhone
		{37E4232A-2D3B-4FE4-AC50-A9D8EF42FDAA}.AppStore|iPhoneSimulator.ActiveCfg = AppStore|iPhoneSimulator
		{37E4232A-2D3B-4FE4-AC50-A9D8EF42FDAA}.AppStore|iPhoneSimulator.Build.0 = AppStore|iPhoneSimulator
		{37E4232A-2D3B-4FE4-AC50-A9D8EF42FDAA}.AppStore|iPhoneSimulator.Deploy.0 = AppStore|iPhoneSimulator
		{37E4232A-2D3B-4FE4-AC50-A9D8EF42FDAA}.Debug|Any CPU.ActiveCfg = Debug|iPhoneSimulator
		{37E4232A-2D3B-4FE4-AC50-A9D8EF42FDAA}.Debug|Any CPU.Build.0 = Debug|iPhoneSimulator
		{37E4232A-2D3B-4FE4-AC50-A9D8EF42FDAA}.Debug|Any CPU.Deploy.0 = Debug|iPhoneSimulator
		{37E4232A-2D3B-4FE4-AC50-A9D8EF42FDAA}.Debug|iPhone.ActiveCfg = Debug|iPhone
		{37E4232A-2D3B-4FE4-AC50-A9D8EF42FDAA}.Debug|iPhone.Build.0 = Debug|iPhone
		{37E4232A-2D3B-4FE4-AC50-A9D8EF42FDAA}.Debug|iPhone.Deploy.0 = Debug|iPhone
		{37E4232A-2D3B-4FE4-AC50-A9D8EF42FDAA}.Debug|iPhoneSimulator.ActiveCfg = Debug|iPhoneSimulator
		{37E4232A-2D3B-4FE4-AC50-A9D8EF42FDAA}.Debug|iPhoneSimulator.Build.0 = Debug|iPhoneSimulator
		{37E4232A-2D3B-4FE4-AC50-A9D8EF42FDAA}.Debug|iPhoneSimulator.Deploy.0 = Debug|iPhoneSimulator
		{37E4232A-2D3B-4FE4-AC50-A9D8EF42FDAA}.Release|Any CPU.ActiveCfg = Release|iPhone
		{37E4232A-2D3B-4FE4-AC50-A9D8EF42FDAA}.Release|Any CPU.Build.0 = Release|iPhone
		{37E4232A-2D3B-4FE4-AC50-A9D8EF42FDAA}.Release|Any CPU.Deploy.0 = Release|iPhone
		{37E4232A-2D3B-4FE4-AC50-A9D8EF42FDAA}.Release|iPhone.ActiveCfg = Release|iPhone
		{37E4232A-2D3B-4FE4-AC50-A9D8EF42FDAA}.Release|iPhone.Build.0 = Release|iPhone
		{37E4232A-2D3B-4FE4-AC50-A9D8EF42FDAA}.Release|iPhone.Deploy.0 = Release|iPhone
		{37E4232A-2D3B-4FE4-AC50-A9D8EF42FDAA}.Release|iPhoneSimulator.ActiveCfg = Release|iPhoneSimulator
		{37E4232A-2D3B-4FE4-AC50-A9D8EF42FDAA}.Release|iPhoneSimulator.Build.0 = Release|iPhoneSimulator
		{37E4232A-2D3B-4FE4-AC50-A9D8EF42FDAA}.Release|iPhoneSimulator.Deploy.0 = Release|iPhoneSimulator
		{D99A21E9-E879-4EAF-B59B-5D29990ADE0F}.Ad-Hoc|Any CPU.ActiveCfg = Debug|Any CPU
		{D99A21E9-E879-4EAF-B59B-5D29990ADE0F}.Ad-Hoc|Any CPU.Build.0 = Debug|Any CPU
		{D99A21E9-E879-4EAF-B59B-5D29990ADE0F}.Ad-Hoc|Any CPU.Deploy.0 = Debug|Any CPU
		{D99A21E9-E879-4EAF-B59B-5D29990ADE0F}.Ad-Hoc|iPhone.ActiveCfg = Debug|Any CPU
		{D99A21E9-E879-4EAF-B59B-5D29990ADE0F}.Ad-Hoc|iPhone.Build.0 = Debug|Any CPU
		{D99A21E9-E879-4EAF-B59B-5D29990ADE0F}.Ad-Hoc|iPhone.Deploy.0 = Debug|Any CPU
		{D99A21E9-E879-4EAF-B59B-5D29990ADE0F}.Ad-Hoc|iPhoneSimulator.ActiveCfg = Debug|Any CPU
		{D99A21E9-E879-4EAF-B59B-5D29990ADE0F}.Ad-Hoc|iPhoneSimulator.Build.0 = Debug|Any CPU
		{D99A21E9-E879-4EAF-B59B-5D29990ADE0F}.Ad-Hoc|iPhoneSimulator.Deploy.0 = Debug|Any CPU
		{D99A21E9-E879-4EAF-B59B-5D29990ADE0F}.AppStore|Any CPU.ActiveCfg = Debug|Any CPU
		{D99A21E9-E879-4EAF-B59B-5D29990ADE0F}.AppStore|Any CPU.Build.0 = Debug|Any CPU
		{D99A21E9-E879-4EAF-B59B-5D29990ADE0F}.AppStore|Any CPU.Deploy.0 = Debug|Any CPU
		{D99A21E9-E879-4EAF-B59B-5D29990ADE0F}.AppStore|iPhone.ActiveCfg = Debug|Any CPU
		{D99A21E9-E879-4EAF-B59B-5D29990ADE0F}.AppStore|iPhone.Build.0 = Debug|Any CPU
		{D99A21E9-E879-4EAF-B59B-5D29990ADE0F}.AppStore|iPhone.Deploy.0 = Debug|Any CPU
		{D99A21E9-E879-4EAF-B59B-5D29990ADE0F}.AppStore|iPhoneSimulator.ActiveCfg = Debug|Any CPU
		{D99A21E9-E879-4EAF-B59B-5D29990ADE0F}.AppStore|iPhoneSimulator.Build.0 = Debug|Any CPU
		{D99A21E9-E879-4EAF-B59B-5D29990ADE0F}.AppStore|iPhoneSimulator.Deploy.0 = Debug|Any CPU
		{D99A21E9-E879-4EAF-B59B-5D29990ADE0F}.Debug|Any CPU.ActiveCfg = Debug|Any CPU
		{D99A21E9-E879-4EAF-B59B-5D29990ADE0F}.Debug|Any CPU.Build.0 = Debug|Any CPU
		{D99A21E9-E879-4EAF-B59B-5D29990ADE0F}.Debug|Any CPU.Deploy.0 = Debug|Any CPU
		{D99A21E9-E879-4EAF-B59B-5D29990ADE0F}.Debug|iPhone.ActiveCfg = Debug|Any CPU
		{D99A21E9-E879-4EAF-B59B-5D29990ADE0F}.Debug|iPhone.Build.0 = Debug|Any CPU
		{D99A21E9-E879-4EAF-B59B-5D29990ADE0F}.Debug|iPhone.Deploy.0 = Debug|Any CPU
		{D99A21E9-E879-4EAF-B59B-5D29990ADE0F}.Debug|iPhoneSimulator.ActiveCfg = Debug|Any CPU
		{D99A21E9-E879-4EAF-B59B-5D29990ADE0F}.Debug|iPhoneSimulator.Build.0 = Debug|Any CPU
		{D99A21E9-E879-4EAF-B59B-5D29990ADE0F}.Debug|iPhoneSimulator.Deploy.0 = Debug|Any CPU
		{D99A21E9-E879-4EAF-B59B-5D29990ADE0F}.Release|Any CPU.ActiveCfg = Release|Any CPU
		{D99A21E9-E879-4EAF-B59B-5D29990ADE0F}.Release|Any CPU.Build.0 = Release|Any CPU
		{D99A21E9-E879-4EAF-B59B-5D29990ADE0F}.Release|Any CPU.Deploy.0 = Release|Any CPU
		{D99A21E9-E879-4EAF-B59B-5D29990ADE0F}.Release|iPhone.ActiveCfg = Release|Any CPU
		{D99A21E9-E879-4EAF-B59B-5D29990ADE0F}.Release|iPhone.Build.0 = Release|Any CPU
		{D99A21E9-E879-4EAF-B59B-5D29990ADE0F}.Release|iPhone.Deploy.0 = Release|Any CPU
		{D99A21E9-E879-4EAF-B59B-5D29990ADE0F}.Release|iPhoneSimulator.ActiveCfg = Release|Any CPU
		{D99A21E9-E879-4EAF-B59B-5D29990ADE0F}.Release|iPhoneSimulator.Build.0 = Release|Any CPU
		{D99A21E9-E879-4EAF-B59B-5D29990ADE0F}.Release|iPhoneSimulator.Deploy.0 = Release|Any CPU
	EndGlobalSection
	GlobalSection(SolutionProperties) = preSolution
		HideSolutionNode = FALSE
	EndGlobalSection
	GlobalSection(ExtensibilityGlobals) = postSolution
		SolutionGuid = {C9FF96B8-2B8D-44B8-B0D0-8D91067CFE0A}
	EndGlobalSection
EndGlobal
